
Microsoft Visual Studio Solution File, Format Version 12.00
# Visual Studio Version 16
VisualStudioVersion = 16.0.29009.5
MinimumVisualStudioVersion = 10.0.40219.1
Project("{FAE04EC0-301F-11D3-BF4B-00C04F79EFBC}") = "InterviewQuestionsLib", "InterviewQuestionsLib\InterviewQuestionsLib.csproj", "{B8D4B5ED-B893-4692-9B1F-C4F18D12DB61}"
EndProject
Project("{FAE04EC0-301F-11D3-BF4B-00C04F79EFBC}") = "InterviewQuestionsLib.Tests", "InterviewQuestionsLib.Tests\InterviewQuestionsLib.Tests.csproj", "{DE2AE29B-6945-446B-B265-5A60838BA224}"
EndProject
Global
	GlobalSection(SolutionConfigurationPlatforms) = preSolution
		Debug|Any CPU = Debug|Any CPU
		Release|Any CPU = Release|Any CPU
	EndGlobalSection
	GlobalSection(ProjectConfigurationPlatforms) = postSolution
		{B8D4B5ED-B893-4692-9B1F-C4F18D12DB61}.Debug|Any CPU.ActiveCfg = Debug|Any CPU
		{B8D4B5ED-B893-4692-9B1F-C4F18D12DB61}.Debug|Any CPU.Build.0 = Debug|Any CPU
		{B8D4B5ED-B893-4692-9B1F-C4F18D12DB61}.Release|Any CPU.ActiveCfg = Release|Any CPU
		{B8D4B5ED-B893-4692-9B1F-C4F18D12DB61}.Release|Any CPU.Build.0 = Release|Any CPU
		{DE2AE29B-6945-446B-B265-5A60838BA224}.Debug|Any CPU.ActiveCfg = Debug|Any CPU
		{DE2AE29B-6945-446B-B265-5A60838BA224}.Debug|Any CPU.Build.0 = Debug|Any CPU
		{DE2AE29B-6945-446B-B265-5A60838BA224}.Release|Any CPU.ActiveCfg = Release|Any CPU
		{DE2AE29B-6945-446B-B265-5A60838BA224}.Release|Any CPU.Build.0 = Release|Any CPU
	EndGlobalSection
	GlobalSection(SolutionProperties) = preSolution
		HideSolutionNode = FALSE
	EndGlobalSection
	GlobalSection(ExtensibilityGlobals) = postSolution
		SolutionGuid = {755D78AF-D1B8-4B89-85DD-637D525C1DA6}
	EndGlobalSection
EndGlobal
